
Microsoft Visual Studio Solution File, Format Version 12.00
# Visual Studio Version 16
VisualStudioVersion = 16.0.30104.148
MinimumVisualStudioVersion = 10.0.40219.1
Project("{FAE04EC0-301F-11D3-BF4B-00C04F79EFBC}") = "GraphQLWithAuthorization", "GraphQLWithAuthorization\GraphQLWithAuthorization.csproj", "{F3C5F686-3C35-43ED-BB4C-A19533643320}"
EndProject
Global
	GlobalSection(SolutionConfigurationPlatforms) = preSolution
		Debug|Any CPU = Debug|Any CPU
		Release|Any CPU = Release|Any CPU
	EndGlobalSection
	GlobalSection(ProjectConfigurationPlatforms) = postSolution
		{F3C5F686-3C35-43ED-BB4C-A19533643320}.Debug|Any CPU.ActiveCfg = Debug|Any CPU
		{F3C5F686-3C35-43ED-BB4C-A19533643320}.Debug|Any CPU.Build.0 = Debug|Any CPU
		{F3C5F686-3C35-43ED-BB4C-A19533643320}.Release|Any CPU.ActiveCfg = Release|Any CPU
		{F3C5F686-3C35-43ED-BB4C-A19533643320}.Release|Any CPU.Build.0 = Release|Any CPU
	EndGlobalSection
	GlobalSection(SolutionProperties) = preSolution
		HideSolutionNode = FALSE
	EndGlobalSection
	GlobalSection(ExtensibilityGlobals) = postSolution
		SolutionGuid = {D85ADDE1-B297-44F9-806F-003B2A2A0B7B}
	EndGlobalSection
EndGlobal
